// !$*UTF8*$!
{
	archiveVersion = 1;
	classes = {
	};
	objectVersion = 50;
	objects = {

/* Begin PBXBuildFile section */
		40763C2E26CC4A4E0055FA35 /* AppDelegate.swift in Sources */ = {isa = PBXBuildFile; fileRef = 40763C2D26CC4A4E0055FA35 /* AppDelegate.swift */; };
		40763C3026CC4A4E0055FA35 /* SceneDelegate.swift in Sources */ = {isa = PBXBuildFile; fileRef = 40763C2F26CC4A4E0055FA35 /* SceneDelegate.swift */; };
		40763C3226CC4A4E0055FA35 /* QuestionViewController.swift in Sources */ = {isa = PBXBuildFile; fileRef = 40763C3126CC4A4E0055FA35 /* QuestionViewController.swift */; };
		40763C3526CC4A4E0055FA35 /* Main.storyboard in Resources */ = {isa = PBXBuildFile; fileRef = 40763C3326CC4A4E0055FA35 /* Main.storyboard */; };
		40763C3A26CC4A550055FA35 /* LaunchScreen.storyboard in Resources */ = {isa = PBXBuildFile; fileRef = 40763C3826CC4A550055FA35 /* LaunchScreen.storyboard */; };
		40763C4726CC4CA10055FA35 /* Question.swift in Sources */ = {isa = PBXBuildFile; fileRef = 40763C4626CC4CA10055FA35 /* Question.swift */; };
		40763C4926CC4D120055FA35 /* QuestionGroup.swift in Sources */ = {isa = PBXBuildFile; fileRef = 40763C4826CC4D120055FA35 /* QuestionGroup.swift */; };
		40763C4D26CC4E060055FA35 /* Assets.xcassets in Resources */ = {isa = PBXBuildFile; fileRef = 40763C4C26CC4E060055FA35 /* Assets.xcassets */; };
		40763C4F26CC4EB10055FA35 /* QuestionView.swift in Sources */ = {isa = PBXBuildFile; fileRef = 40763C4E26CC4EB10055FA35 /* QuestionView.swift */; };
		40923E7B26D1843700DCD71F /* QuestionStrategy.swift in Sources */ = {isa = PBXBuildFile; fileRef = 40923E7A26D1843700DCD71F /* QuestionStrategy.swift */; };
		40923E7D26D186C900DCD71F /* SequentialQuestionStrategy.swift in Sources */ = {isa = PBXBuildFile; fileRef = 40923E7C26D186C900DCD71F /* SequentialQuestionStrategy.swift */; };
		40923E7F26D1881B00DCD71F /* RandomQuestionStrategy.swift in Sources */ = {isa = PBXBuildFile; fileRef = 40923E7E26D1881B00DCD71F /* RandomQuestionStrategy.swift */; };
		40923E8126D194A700DCD71F /* AppSettings.swift in Sources */ = {isa = PBXBuildFile; fileRef = 40923E8026D194A700DCD71F /* AppSettings.swift */; };
		40923E8326D1983000DCD71F /* AppSetttingsViewController.swift in Sources */ = {isa = PBXBuildFile; fileRef = 40923E8226D1983000DCD71F /* AppSetttingsViewController.swift */; };
		40CEB0F926D24D8700FFAF81 /* DiskCareTaker.swift in Sources */ = {isa = PBXBuildFile; fileRef = 40CEB0F826D24D8700FFAF81 /* DiskCareTaker.swift */; };
		40CEB0FB26D253BE00FFAF81 /* QuestionGroupCareTaker.swift in Sources */ = {isa = PBXBuildFile; fileRef = 40CEB0FA26D253BE00FFAF81 /* QuestionGroupCareTaker.swift */; };
		40CEB0FD26D2571E00FFAF81 /* QuestionGroupData.json in Resources */ = {isa = PBXBuildFile; fileRef = 40CEB0FC26D2571E00FFAF81 /* QuestionGroupData.json */; };
		40CEB0FF26D2593500FFAF81 /* BaseQuestionStrategy.swift in Sources */ = {isa = PBXBuildFile; fileRef = 40CEB0FE26D2593500FFAF81 /* BaseQuestionStrategy.swift */; };
		40DE2A7826D15E45000D7C90 /* SelectQuestionGroupViewController.swift in Sources */ = {isa = PBXBuildFile; fileRef = 40DE2A7726D15E45000D7C90 /* SelectQuestionGroupViewController.swift */; };
		40DE2A7A26D15FAC000D7C90 /* QuestionGroupCell.swift in Sources */ = {isa = PBXBuildFile; fileRef = 40DE2A7926D15FAC000D7C90 /* QuestionGroupCell.swift */; };
/* End PBXBuildFile section */

/* Begin PBXFileReference section */
		40763C2A26CC4A4E0055FA35 /* BG_Rabble_Wabble.app */ = {isa = PBXFileReference; explicitFileType = wrapper.application; includeInIndex = 0; path = BG_Rabble_Wabble.app; sourceTree = BUILT_PRODUCTS_DIR; };
		40763C2D26CC4A4E0055FA35 /* AppDelegate.swift */ = {isa = PBXFileReference; lastKnownFileType = sourcecode.swift; path = AppDelegate.swift; sourceTree = "<group>"; };
		40763C2F26CC4A4E0055FA35 /* SceneDelegate.swift */ = {isa = PBXFileReference; lastKnownFileType = sourcecode.swift; path = SceneDelegate.swift; sourceTree = "<group>"; };
		40763C3126CC4A4E0055FA35 /* QuestionViewController.swift */ = {isa = PBXFileReference; lastKnownFileType = sourcecode.swift; path = QuestionViewController.swift; sourceTree = "<group>"; };
		40763C3426CC4A4E0055FA35 /* Base */ = {isa = PBXFileReference; lastKnownFileType = file.storyboard; name = Base; path = Base.lproj/Main.storyboard; sourceTree = "<group>"; };
		40763C3926CC4A550055FA35 /* Base */ = {isa = PBXFileReference; lastKnownFileType = file.storyboard; name = Base; path = Base.lproj/LaunchScreen.storyboard; sourceTree = "<group>"; };
		40763C3B26CC4A550055FA35 /* Info.plist */ = {isa = PBXFileReference; lastKnownFileType = text.plist.xml; path = Info.plist; sourceTree = "<group>"; };
		40763C4626CC4CA10055FA35 /* Question.swift */ = {isa = PBXFileReference; lastKnownFileType = sourcecode.swift; path = Question.swift; sourceTree = "<group>"; };
		40763C4826CC4D120055FA35 /* QuestionGroup.swift */ = {isa = PBXFileReference; lastKnownFileType = sourcecode.swift; path = QuestionGroup.swift; sourceTree = "<group>"; };
		40763C4C26CC4E060055FA35 /* Assets.xcassets */ = {isa = PBXFileReference; lastKnownFileType = folder.assetcatalog; path = Assets.xcassets; sourceTree = "<group>"; };
		40763C4E26CC4EB10055FA35 /* QuestionView.swift */ = {isa = PBXFileReference; lastKnownFileType = sourcecode.swift; path = QuestionView.swift; sourceTree = "<group>"; };
		40923E7A26D1843700DCD71F /* QuestionStrategy.swift */ = {isa = PBXFileReference; lastKnownFileType = sourcecode.swift; path = QuestionStrategy.swift; sourceTree = "<group>"; };
		40923E7C26D186C900DCD71F /* SequentialQuestionStrategy.swift */ = {isa = PBXFileReference; lastKnownFileType = sourcecode.swift; path = SequentialQuestionStrategy.swift; sourceTree = "<group>"; };
		40923E7E26D1881B00DCD71F /* RandomQuestionStrategy.swift */ = {isa = PBXFileReference; lastKnownFileType = sourcecode.swift; path = RandomQuestionStrategy.swift; sourceTree = "<group>"; };
		40923E8026D194A700DCD71F /* AppSettings.swift */ = {isa = PBXFileReference; lastKnownFileType = sourcecode.swift; path = AppSettings.swift; sourceTree = "<group>"; };
		40923E8226D1983000DCD71F /* AppSetttingsViewController.swift */ = {isa = PBXFileReference; lastKnownFileType = sourcecode.swift; path = AppSetttingsViewController.swift; sourceTree = "<group>"; };
		40CEB0F826D24D8700FFAF81 /* DiskCareTaker.swift */ = {isa = PBXFileReference; lastKnownFileType = sourcecode.swift; path = DiskCareTaker.swift; sourceTree = "<group>"; };
		40CEB0FA26D253BE00FFAF81 /* QuestionGroupCareTaker.swift */ = {isa = PBXFileReference; lastKnownFileType = sourcecode.swift; path = QuestionGroupCareTaker.swift; sourceTree = "<group>"; };
		40CEB0FC26D2571E00FFAF81 /* QuestionGroupData.json */ = {isa = PBXFileReference; fileEncoding = 4; lastKnownFileType = text.json; path = QuestionGroupData.json; sourceTree = "<group>"; };
		40CEB0FE26D2593500FFAF81 /* BaseQuestionStrategy.swift */ = {isa = PBXFileReference; lastKnownFileType = sourcecode.swift; path = BaseQuestionStrategy.swift; sourceTree = "<group>"; };
		40DE2A7726D15E45000D7C90 /* SelectQuestionGroupViewController.swift */ = {isa = PBXFileReference; lastKnownFileType = sourcecode.swift; path = SelectQuestionGroupViewController.swift; sourceTree = "<group>"; };
		40DE2A7926D15FAC000D7C90 /* QuestionGroupCell.swift */ = {isa = PBXFileReference; lastKnownFileType = sourcecode.swift; path = QuestionGroupCell.swift; sourceTree = "<group>"; };
/* End PBXFileReference section */

/* Begin PBXFrameworksBuildPhase section */
		40763C2726CC4A4E0055FA35 /* Frameworks */ = {
			isa = PBXFrameworksBuildPhase;
			buildActionMask = 2147483647;
			files = (
			);
			runOnlyForDeploymentPostprocessing = 0;
		};
/* End PBXFrameworksBuildPhase section */

/* Begin PBXGroup section */
		40763C2126CC4A4D0055FA35 = {
			isa = PBXGroup;
			children = (
				40763C2C26CC4A4E0055FA35 /* BG_Rabble_Wabble */,
				40763C2B26CC4A4E0055FA35 /* Products */,
			);
			sourceTree = "<group>";
		};
		40763C2B26CC4A4E0055FA35 /* Products */ = {
			isa = PBXGroup;
			children = (
				40763C2A26CC4A4E0055FA35 /* BG_Rabble_Wabble.app */,
			);
			name = Products;
			sourceTree = "<group>";
		};
		40763C2C26CC4A4E0055FA35 /* BG_Rabble_Wabble */ = {
			isa = PBXGroup;
			children = (
				40CEB0F726D24D6200FFAF81 /* CareTakers */,
				40763C4126CC4BB90055FA35 /* AppDelegate */,
				40763C4226CC4BC90055FA35 /* Controllers */,
				40763C4326CC4BD20055FA35 /* Models */,
				40763C4426CC4BDA0055FA35 /* Resources */,
				40923E7926D183FB00DCD71F /* Strategies */,
				40763C4526CC4BE00055FA35 /* Views */,
			);
			path = BG_Rabble_Wabble;
			sourceTree = "<group>";
		};
		40763C4126CC4BB90055FA35 /* AppDelegate */ = {
			isa = PBXGroup;
			children = (
				40763C2F26CC4A4E0055FA35 /* SceneDelegate.swift */,
				40763C2D26CC4A4E0055FA35 /* AppDelegate.swift */,
			);
			path = AppDelegate;
			sourceTree = "<group>";
		};
		40763C4226CC4BC90055FA35 /* Controllers */ = {
			isa = PBXGroup;
			children = (
				40763C3126CC4A4E0055FA35 /* QuestionViewController.swift */,
				40DE2A7726D15E45000D7C90 /* SelectQuestionGroupViewController.swift */,
				40923E8226D1983000DCD71F /* AppSetttingsViewController.swift */,
			);
			path = Controllers;
			sourceTree = "<group>";
		};
		40763C4326CC4BD20055FA35 /* Models */ = {
			isa = PBXGroup;
			children = (
				40763C4626CC4CA10055FA35 /* Question.swift */,
				40763C4826CC4D120055FA35 /* QuestionGroup.swift */,
				40923E8026D194A700DCD71F /* AppSettings.swift */,
			);
			path = Models;
			sourceTree = "<group>";
		};
		40763C4426CC4BDA0055FA35 /* Resources */ = {
			isa = PBXGroup;
			children = (
				40763C4C26CC4E060055FA35 /* Assets.xcassets */,
				40763C3B26CC4A550055FA35 /* Info.plist */,
				40CEB0FC26D2571E00FFAF81 /* QuestionGroupData.json */,
			);
			path = Resources;
			sourceTree = "<group>";
		};
		40763C4526CC4BE00055FA35 /* Views */ = {
			isa = PBXGroup;
			children = (
				40763C3826CC4A550055FA35 /* LaunchScreen.storyboard */,
				40763C3326CC4A4E0055FA35 /* Main.storyboard */,
				40763C4E26CC4EB10055FA35 /* QuestionView.swift */,
				40DE2A7926D15FAC000D7C90 /* QuestionGroupCell.swift */,
			);
			path = Views;
			sourceTree = "<group>";
		};
		40923E7926D183FB00DCD71F /* Strategies */ = {
			isa = PBXGroup;
			children = (
				40923E7A26D1843700DCD71F /* QuestionStrategy.swift */,
				40923E7C26D186C900DCD71F /* SequentialQuestionStrategy.swift */,
				40923E7E26D1881B00DCD71F /* RandomQuestionStrategy.swift */,
				40CEB0FE26D2593500FFAF81 /* BaseQuestionStrategy.swift */,
			);
			path = Strategies;
			sourceTree = "<group>";
		};
		40CEB0F726D24D6200FFAF81 /* CareTakers */ = {
			isa = PBXGroup;
			children = (
				40CEB0F826D24D8700FFAF81 /* DiskCareTaker.swift */,
				40CEB0FA26D253BE00FFAF81 /* QuestionGroupCareTaker.swift */,
			);
			path = CareTakers;
			sourceTree = "<group>";
		};
/* End PBXGroup section */

/* Begin PBXNativeTarget section */
		40763C2926CC4A4E0055FA35 /* BG_Rabble_Wabble */ = {
			isa = PBXNativeTarget;
			buildConfigurationList = 40763C3E26CC4A550055FA35 /* Build configuration list for PBXNativeTarget "BG_Rabble_Wabble" */;
			buildPhases = (
				40763C2626CC4A4E0055FA35 /* Sources */,
				40763C2726CC4A4E0055FA35 /* Frameworks */,
				40763C2826CC4A4E0055FA35 /* Resources */,
			);
			buildRules = (
			);
			dependencies = (
			);
			name = BG_Rabble_Wabble;
			productName = BG_Rabble_Wabble;
			productReference = 40763C2A26CC4A4E0055FA35 /* BG_Rabble_Wabble.app */;
			productType = "com.apple.product-type.application";
		};
/* End PBXNativeTarget section */

/* Begin PBXProject section */
		40763C2226CC4A4D0055FA35 /* Project object */ = {
			isa = PBXProject;
			attributes = {
				LastSwiftUpdateCheck = 1170;
				LastUpgradeCheck = 1170;
				ORGANIZATIONNAME = Bhavesh;
				TargetAttributes = {
					40763C2926CC4A4E0055FA35 = {
						CreatedOnToolsVersion = 11.7;
					};
				};
			};
			buildConfigurationList = 40763C2526CC4A4D0055FA35 /* Build configuration list for PBXProject "BG_Rabble_Wabble" */;
			compatibilityVersion = "Xcode 9.3";
			developmentRegion = en;
			hasScannedForEncodings = 0;
			knownRegions = (
				en,
				Base,
			);
			mainGroup = 40763C2126CC4A4D0055FA35;
			productRefGroup = 40763C2B26CC4A4E0055FA35 /* Products */;
			projectDirPath = "";
			projectRoot = "";
			targets = (
				40763C2926CC4A4E0055FA35 /* BG_Rabble_Wabble */,
			);
		};
/* End PBXProject section */

/* Begin PBXResourcesBuildPhase section */
		40763C2826CC4A4E0055FA35 /* Resources */ = {
			isa = PBXResourcesBuildPhase;
			buildActionMask = 2147483647;
			files = (
				40763C3A26CC4A550055FA35 /* LaunchScreen.storyboard in Resources */,
				40CEB0FD26D2571E00FFAF81 /* QuestionGroupData.json in Resources */,
				40763C4D26CC4E060055FA35 /* Assets.xcassets in Resources */,
				40763C3526CC4A4E0055FA35 /* Main.storyboard in Resources */,
			);
			runOnlyForDeploymentPostprocessing = 0;
		};
/* End PBXResourcesBuildPhase section */

/* Begin PBXSourcesBuildPhase section */
		40763C2626CC4A4E0055FA35 /* Sources */ = {
			isa = PBXSourcesBuildPhase;
			buildActionMask = 2147483647;
			files = (
				40763C3226CC4A4E0055FA35 /* QuestionViewController.swift in Sources */,
				40763C4726CC4CA10055FA35 /* Question.swift in Sources */,
				40763C2E26CC4A4E0055FA35 /* AppDelegate.swift in Sources */,
				40763C4F26CC4EB10055FA35 /* QuestionView.swift in Sources */,
				40DE2A7A26D15FAC000D7C90 /* QuestionGroupCell.swift in Sources */,
				40923E7D26D186C900DCD71F /* SequentialQuestionStrategy.swift in Sources */,
				40923E7F26D1881B00DCD71F /* RandomQuestionStrategy.swift in Sources */,
				40923E8326D1983000DCD71F /* AppSetttingsViewController.swift in Sources */,
				40CEB0F926D24D8700FFAF81 /* DiskCareTaker.swift in Sources */,
				40923E7B26D1843700DCD71F /* QuestionStrategy.swift in Sources */,
				40763C4926CC4D120055FA35 /* QuestionGroup.swift in Sources */,
				40CEB0FF26D2593500FFAF81 /* BaseQuestionStrategy.swift in Sources */,
				40923E8126D194A700DCD71F /* AppSettings.swift in Sources */,
				40DE2A7826D15E45000D7C90 /* SelectQuestionGroupViewController.swift in Sources */,
				40CEB0FB26D253BE00FFAF81 /* QuestionGroupCareTaker.swift in Sources */,
				40763C3026CC4A4E0055FA35 /* SceneDelegate.swift in Sources */,
			);
			runOnlyForDeploymentPostprocessing = 0;
		};
/* End PBXSourcesBuildPhase section */

/* Begin PBXVariantGroup section */
		40763C3326CC4A4E0055FA35 /* Main.storyboard */ = {
			isa = PBXVariantGroup;
			children = (
				40763C3426CC4A4E0055FA35 /* Base */,
			);
			name = Main.storyboard;
			sourceTree = "<group>";
		};
		40763C3826CC4A550055FA35 /* LaunchScreen.storyboard */ = {
			isa = PBXVariantGroup;
			children = (
				40763C3926CC4A550055FA35 /* Base */,
			);
			name = LaunchScreen.storyboard;
			sourceTree = "<group>";
		};
/* End PBXVariantGroup section */

/* Begin XCBuildConfiguration section */
		40763C3C26CC4A550055FA35 /* Debug */ = {
			isa = XCBuildConfiguration;
			buildSettings = {
				ALWAYS_SEARCH_USER_PATHS = NO;
				CLANG_ANALYZER_NONNULL = YES;
				CLANG_ANALYZER_NUMBER_OBJECT_CONVERSION = YES_AGGRESSIVE;
				CLANG_CXX_LANGUAGE_STANDARD = "gnu++14";
				CLANG_CXX_LIBRARY = "libc++";
				CLANG_ENABLE_MODULES = YES;
				CLANG_ENABLE_OBJC_ARC = YES;
				CLANG_ENABLE_OBJC_WEAK = YES;
				CLANG_WARN_BLOCK_CAPTURE_AUTORELEASING = YES;
				CLANG_WARN_BOOL_CONVERSION = YES;
				CLANG_WARN_COMMA = YES;
				CLANG_WARN_CONSTANT_CONVERSION = YES;
				CLANG_WARN_DEPRECATED_OBJC_IMPLEMENTATIONS = YES;
				CLANG_WARN_DIRECT_OBJC_ISA_USAGE = YES_ERROR;
				CLANG_WARN_DOCUMENTATION_COMMENTS = YES;
				CLANG_WARN_EMPTY_BODY = YES;
				CLANG_WARN_ENUM_CONVERSION = YES;
				CLANG_WARN_INFINITE_RECURSION = YES;
				CLANG_WARN_INT_CONVERSION = YES;
				CLANG_WARN_NON_LITERAL_NULL_CONVERSION = YES;
				CLANG_WARN_OBJC_IMPLICIT_RETAIN_SELF = YES;
				CLANG_WARN_OBJC_LITERAL_CONVERSION = YES;
				CLANG_WARN_OBJC_ROOT_CLASS = YES_ERROR;
				CLANG_WARN_RANGE_LOOP_ANALYSIS = YES;
				CLANG_WARN_STRICT_PROTOTYPES = YES;
				CLANG_WARN_SUSPICIOUS_MOVE = YES;
				CLANG_WARN_UNGUARDED_AVAILABILITY = YES_AGGRESSIVE;
				CLANG_WARN_UNREACHABLE_CODE = YES;
				CLANG_WARN__DUPLICATE_METHOD_MATCH = YES;
				COPY_PHASE_STRIP = NO;
				DEBUG_INFORMATION_FORMAT = dwarf;
				ENABLE_STRICT_OBJC_MSGSEND = YES;
				ENABLE_TESTABILITY = YES;
				GCC_C_LANGUAGE_STANDARD = gnu11;
				GCC_DYNAMIC_NO_PIC = NO;
				GCC_NO_COMMON_BLOCKS = YES;
				GCC_OPTIMIZATION_LEVEL = 0;
				GCC_PREPROCESSOR_DEFINITIONS = (
					"DEBUG=1",
					"$(inherited)",
				);
				GCC_WARN_64_TO_32_BIT_CONVERSION = YES;
				GCC_WARN_ABOUT_RETURN_TYPE = YES_ERROR;
				GCC_WARN_UNDECLARED_SELECTOR = YES;
				GCC_WARN_UNINITIALIZED_AUTOS = YES_AGGRESSIVE;
				GCC_WARN_UNUSED_FUNCTION = YES;
				GCC_WARN_UNUSED_VARIABLE = YES;
				IPHONEOS_DEPLOYMENT_TARGET = 13.7;
				MTL_ENABLE_DEBUG_INFO = INCLUDE_SOURCE;
				MTL_FAST_MATH = YES;
				ONLY_ACTIVE_ARCH = YES;
				SDKROOT = iphoneos;
				SWIFT_ACTIVE_COMPILATION_CONDITIONS = DEBUG;
				SWIFT_OPTIMIZATION_LEVEL = "-Onone";
			};
			name = Debug;
		};
		40763C3D26CC4A550055FA35 /* Release */ = {
			isa = XCBuildConfiguration;
			buildSettings = {
				ALWAYS_SEARCH_USER_PATHS = NO;
				CLANG_ANALYZER_NONNULL = YES;
				CLANG_ANALYZER_NUMBER_OBJECT_CONVERSION = YES_AGGRESSIVE;
				CLANG_CXX_LANGUAGE_STANDARD = "gnu++14";
				CLANG_CXX_LIBRARY = "libc++";
				CLANG_ENABLE_MODULES = YES;
				CLANG_ENABLE_OBJC_ARC = YES;
				CLANG_ENABLE_OBJC_WEAK = YES;
				CLANG_WARN_BLOCK_CAPTURE_AUTORELEASING = YES;
				CLANG_WARN_BOOL_CONVERSION = YES;
				CLANG_WARN_COMMA = YES;
				CLANG_WARN_CONSTANT_CONVERSION = YES;
				CLANG_WARN_DEPRECATED_OBJC_IMPLEMENTATIONS = YES;
				CLANG_WARN_DIRECT_OBJC_ISA_USAGE = YES_ERROR;
				CLANG_WARN_DOCUMENTATION_COMMENTS = YES;
				CLANG_WARN_EMPTY_BODY = YES;
				CLANG_WARN_ENUM_CONVERSION = YES;
				CLANG_WARN_INFINITE_RECURSION = YES;
				CLANG_WARN_INT_CONVERSION = YES;
				CLANG_WARN_NON_LITERAL_NULL_CONVERSION = YES;
				CLANG_WARN_OBJC_IMPLICIT_RETAIN_SELF = YES;
				CLANG_WARN_OBJC_LITERAL_CONVERSION = YES;
				CLANG_WARN_OBJC_ROOT_CLASS = YES_ERROR;
				CLANG_WARN_RANGE_LOOP_ANALYSIS = YES;
				CLANG_WARN_STRICT_PROTOTYPES = YES;
				CLANG_WARN_SUSPICIOUS_MOVE = YES;
				CLANG_WARN_UNGUARDED_AVAILABILITY = YES_AGGRESSIVE;
				CLANG_WARN_UNREACHABLE_CODE = YES;
				CLANG_WARN__DUPLICATE_METHOD_MATCH = YES;
				COPY_PHASE_STRIP = NO;
				DEBUG_INFORMATION_FORMAT = "dwarf-with-dsym";
				ENABLE_NS_ASSERTIONS = NO;
				ENABLE_STRICT_OBJC_MSGSEND = YES;
				GCC_C_LANGUAGE_STANDARD = gnu11;
				GCC_NO_COMMON_BLOCKS = YES;
				GCC_WARN_64_TO_32_BIT_CONVERSION = YES;
				GCC_WARN_ABOUT_RETURN_TYPE = YES_ERROR;
				GCC_WARN_UNDECLARED_SELECTOR = YES;
				GCC_WARN_UNINITIALIZED_AUTOS = YES_AGGRESSIVE;
				GCC_WARN_UNUSED_FUNCTION = YES;
				GCC_WARN_UNUSED_VARIABLE = YES;
				IPHONEOS_DEPLOYMENT_TARGET = 13.7;
				MTL_ENABLE_DEBUG_INFO = NO;
				MTL_FAST_MATH = YES;
				SDKROOT = iphoneos;
				SWIFT_COMPILATION_MODE = wholemodule;
				SWIFT_OPTIMIZATION_LEVEL = "-O";
				VALIDATE_PRODUCT = YES;
			};
			name = Release;
		};
		40763C3F26CC4A550055FA35 /* Debug */ = {
			isa = XCBuildConfiguration;
			buildSettings = {
				ASSETCATALOG_COMPILER_APPICON_NAME = AppIcon;
				CODE_SIGN_STYLE = Automatic;
				DEVELOPMENT_TEAM = P5RKT2K7BV;
				INFOPLIST_FILE = BG_Rabble_Wabble/Resources/Info.plist;
				LD_RUNPATH_SEARCH_PATHS = (
					"$(inherited)",
					"@executable_path/Frameworks",
				);
				PRODUCT_BUNDLE_IDENTIFIER = "bhavesh.com.BG-Rabble-Wabble";
				PRODUCT_NAME = "$(TARGET_NAME)";
				SWIFT_VERSION = 5.0;
				TARGETED_DEVICE_FAMILY = "1,2";
			};
			name = Debug;
		};
		40763C4026CC4A550055FA35 /* Release */ = {
			isa = XCBuildConfiguration;
			buildSettings = {
				ASSETCATALOG_COMPILER_APPICON_NAME = AppIcon;
				CODE_SIGN_STYLE = Automatic;
				DEVELOPMENT_TEAM = P5RKT2K7BV;
				INFOPLIST_FILE = BG_Rabble_Wabble/Resources/Info.plist;
				LD_RUNPATH_SEARCH_PATHS = (
					"$(inherited)",
					"@executable_path/Frameworks",
				);
				PRODUCT_BUNDLE_IDENTIFIER = "bhavesh.com.BG-Rabble-Wabble";
				PRODUCT_NAME = "$(TARGET_NAME)";
				SWIFT_VERSION = 5.0;
				TARGETED_DEVICE_FAMILY = "1,2";
			};
			name = Release;
		};
/* End XCBuildConfiguration section */

/* Begin XCConfigurationList section */
		40763C2526CC4A4D0055FA35 /* Build configuration list for PBXProject "BG_Rabble_Wabble" */ = {
			isa = XCConfigurationList;
			buildConfigurations = (
				40763C3C26CC4A550055FA35 /* Debug */,
				40763C3D26CC4A550055FA35 /* Release */,
			);
			defaultConfigurationIsVisible = 0;
			defaultConfigurationName = Release;
		};
		40763C3E26CC4A550055FA35 /* Build configuration list for PBXNativeTarget "BG_Rabble_Wabble" */ = {
			isa = XCConfigurationList;
			buildConfigurations = (
				40763C3F26CC4A550055FA35 /* Debug */,
				40763C4026CC4A550055FA35 /* Release */,
			);
			defaultConfigurationIsVisible = 0;
			defaultConfigurationName = Release;
		};
/* End XCConfigurationList section */
	};
	rootObject = 40763C2226CC4A4D0055FA35 /* Project object */;
}
